
Microsoft Visual Studio Solution File, Format Version 12.00
# Visual Studio Version 17
VisualStudioVersion = 17.6.33815.320
MinimumVisualStudioVersion = 10.0.40219.1
Project("{FAE04EC0-301F-11D3-BF4B-00C04F79EFBC}") = "DevFramework.Core", "DevFramework.Core\DevFramework.Core.csproj", "{55DF0788-08FF-483D-AD8D-30404975DFD8}"
EndProject
Project("{FAE04EC0-301F-11D3-BF4B-00C04F79EFBC}") = "DevFramework.Northwind.Entities", "DevFramework.Northwind.Entities\DevFramework.Northwind.Entities.csproj", "{1573D945-9EEB-485F-BEF0-D1B5AB07AD90}"
EndProject
Project("{FAE04EC0-301F-11D3-BF4B-00C04F79EFBC}") = "DevFramework.Northwind.DataAccess", "DevFramework.Northwind.DataAccess\DevFramework.Northwind.DataAccess.csproj", "{D00510F0-16CD-4D4D-B546-BDBF607C7409}"
EndProject
Project("{FAE04EC0-301F-11D3-BF4B-00C04F79EFBC}") = "DevFramework.Northwind.Business", "DevFramework.Northwind.Business\DevFramework.Northwind.Business.csproj", "{B8F8BF66-28E1-4EFB-9EFD-125C25C1C4EA}"
EndProject
Project("{FAE04EC0-301F-11D3-BF4B-00C04F79EFBC}") = "DevFramework.Northwind.DataAccess.Tests", "DevFramework.DataAccess.Tests\DevFramework.Northwind.DataAccess.Tests.csproj", "{C4095311-F0A6-47D0-8318-4B10C123F9BF}"
EndProject
Project("{FAE04EC0-301F-11D3-BF4B-00C04F79EFBC}") = "DevFramework.Northwind.Business.Tests", "DevFramework.Northwind.Business.Tests\DevFramework.Northwind.Business.Tests.csproj", "{F83F4241-F317-4294-BF76-9AD567805CDD}"
EndProject
Project("{E24C65DC-7377-472B-9ABA-BC803B73C61A}") = "DevFramework.Northwind.WcfService", "DevFramework.Northwind.WcfService\", "{9C6B0576-9FCB-439B-81AE-8F41D695329C}"
	ProjectSection(WebsiteProperties) = preProject
		TargetFrameworkMoniker = ".NETFramework,Version%3Dv4.7.2"
		ProjectReferences = "{b8f8bf66-28e1-4efb-9efd-125c25c1c4ea}|DevFramework.Northwind.Business.dll;{55DF0788-08FF-483D-AD8D-30404975DFD8}|DevFramework.Core.dll;{D00510F0-16CD-4D4D-B546-BDBF607C7409}|DevFramework.Northwind.DataAccess.dll;{1573D945-9EEB-485F-BEF0-D1B5AB07AD90}|DevFramework.Northwind.Entities.dll;"
		Debug.AspNetCompiler.VirtualPath = "/localhost_50539"
		Debug.AspNetCompiler.PhysicalPath = "DevFramework.Northwind.WcfService\"
		Debug.AspNetCompiler.TargetPath = "PrecompiledWeb\localhost_50539\"
		Debug.AspNetCompiler.Updateable = "true"
		Debug.AspNetCompiler.ForceOverwrite = "true"
		Debug.AspNetCompiler.FixedNames = "false"
		Debug.AspNetCompiler.Debug = "True"
		Release.AspNetCompiler.VirtualPath = "/localhost_50539"
		Release.AspNetCompiler.PhysicalPath = "DevFramework.Northwind.WcfService\"
		Release.AspNetCompiler.TargetPath = "PrecompiledWeb\localhost_50539\"
		Release.AspNetCompiler.Updateable = "true"
		Release.AspNetCompiler.ForceOverwrite = "true"
		Release.AspNetCompiler.FixedNames = "false"
		Release.AspNetCompiler.Debug = "False"
		VWDPort = "50539"
		SlnRelativePath = "DevFramework.Northwind.WcfService\"
		DefaultWebSiteLanguage = "Visual C#"
	EndProjectSection
EndProject
Project("{FAE04EC0-301F-11D3-BF4B-00C04F79EFBC}") = "DevFramework.Northwind.MvcWebUI", "DevFramework.Northwind.MvcWebUI\DevFramework.Northwind.MvcWebUI.csproj", "{C527CAA8-2B3D-4EAE-BEB4-758CDCED8BF5}"
EndProject
Project("{FAE04EC0-301F-11D3-BF4B-00C04F79EFBC}") = "DevFramework.Northwind.MvcWebUI.Tests", "DevFramework.Northwind.MvcWebUI.Tests\DevFramework.Northwind.MvcWebUI.Tests.csproj", "{B7E0E7C2-ED82-40FB-9C20-C81640A4FA3E}"
EndProject
Project("{FAE04EC0-301F-11D3-BF4B-00C04F79EFBC}") = "DevFramework.Northwind.WebApi", "DevFramework.Northwind.WebApi\DevFramework.Northwind.WebApi.csproj", "{1FB374EF-24F8-476F-BF18-AF05AF93565F}"
EndProject
Project("{FAE04EC0-301F-11D3-BF4B-00C04F79EFBC}") = "DevFramework.Northwind.MvcAngularUI", "DevFramework.Northwind.MvcAngularUI\DevFramework.Northwind.MvcAngularUI.csproj", "{2B1A5A41-F97F-4495-A3E0-DE8EC14E6F8E}"
EndProject
Global
	GlobalSection(SolutionConfigurationPlatforms) = preSolution
		Debug|Any CPU = Debug|Any CPU
		Release|Any CPU = Release|Any CPU
	EndGlobalSection
	GlobalSection(ProjectConfigurationPlatforms) = postSolution
		{55DF0788-08FF-483D-AD8D-30404975DFD8}.Debug|Any CPU.ActiveCfg = Debug|Any CPU
		{55DF0788-08FF-483D-AD8D-30404975DFD8}.Debug|Any CPU.Build.0 = Debug|Any CPU
		{55DF0788-08FF-483D-AD8D-30404975DFD8}.Release|Any CPU.ActiveCfg = Release|Any CPU
		{55DF0788-08FF-483D-AD8D-30404975DFD8}.Release|Any CPU.Build.0 = Release|Any CPU
		{1573D945-9EEB-485F-BEF0-D1B5AB07AD90}.Debug|Any CPU.ActiveCfg = Debug|Any CPU
		{1573D945-9EEB-485F-BEF0-D1B5AB07AD90}.Debug|Any CPU.Build.0 = Debug|Any CPU
		{1573D945-9EEB-485F-BEF0-D1B5AB07AD90}.Release|Any CPU.ActiveCfg = Release|Any CPU
		{1573D945-9EEB-485F-BEF0-D1B5AB07AD90}.Release|Any CPU.Build.0 = Release|Any CPU
		{D00510F0-16CD-4D4D-B546-BDBF607C7409}.Debug|Any CPU.ActiveCfg = Debug|Any CPU
		{D00510F0-16CD-4D4D-B546-BDBF607C7409}.Debug|Any CPU.Build.0 = Debug|Any CPU
		{D00510F0-16CD-4D4D-B546-BDBF607C7409}.Release|Any CPU.ActiveCfg = Release|Any CPU
		{D00510F0-16CD-4D4D-B546-BDBF607C7409}.Release|Any CPU.Build.0 = Release|Any CPU
		{B8F8BF66-28E1-4EFB-9EFD-125C25C1C4EA}.Debug|Any CPU.ActiveCfg = Debug|Any CPU
		{B8F8BF66-28E1-4EFB-9EFD-125C25C1C4EA}.Debug|Any CPU.Build.0 = Debug|Any CPU
		{B8F8BF66-28E1-4EFB-9EFD-125C25C1C4EA}.Release|Any CPU.ActiveCfg = Release|Any CPU
		{B8F8BF66-28E1-4EFB-9EFD-125C25C1C4EA}.Release|Any CPU.Build.0 = Release|Any CPU
		{C4095311-F0A6-47D0-8318-4B10C123F9BF}.Debug|Any CPU.ActiveCfg = Debug|Any CPU
		{C4095311-F0A6-47D0-8318-4B10C123F9BF}.Debug|Any CPU.Build.0 = Debug|Any CPU
		{C4095311-F0A6-47D0-8318-4B10C123F9BF}.Release|Any CPU.ActiveCfg = Release|Any CPU
		{C4095311-F0A6-47D0-8318-4B10C123F9BF}.Release|Any CPU.Build.0 = Release|Any CPU
		{F83F4241-F317-4294-BF76-9AD567805CDD}.Debug|Any CPU.ActiveCfg = Debug|Any CPU
		{F83F4241-F317-4294-BF76-9AD567805CDD}.Debug|Any CPU.Build.0 = Debug|Any CPU
		{F83F4241-F317-4294-BF76-9AD567805CDD}.Release|Any CPU.ActiveCfg = Release|Any CPU
		{F83F4241-F317-4294-BF76-9AD567805CDD}.Release|Any CPU.Build.0 = Release|Any CPU
		{9C6B0576-9FCB-439B-81AE-8F41D695329C}.Debug|Any CPU.ActiveCfg = Debug|Any CPU
		{9C6B0576-9FCB-439B-81AE-8F41D695329C}.Debug|Any CPU.Build.0 = Debug|Any CPU
		{9C6B0576-9FCB-439B-81AE-8F41D695329C}.Release|Any CPU.ActiveCfg = Debug|Any CPU
		{9C6B0576-9FCB-439B-81AE-8F41D695329C}.Release|Any CPU.Build.0 = Debug|Any CPU
		{C527CAA8-2B3D-4EAE-BEB4-758CDCED8BF5}.Debug|Any CPU.ActiveCfg = Debug|Any CPU
		{C527CAA8-2B3D-4EAE-BEB4-758CDCED8BF5}.Debug|Any CPU.Build.0 = Debug|Any CPU
		{C527CAA8-2B3D-4EAE-BEB4-758CDCED8BF5}.Release|Any CPU.ActiveCfg = Release|Any CPU
		{C527CAA8-2B3D-4EAE-BEB4-758CDCED8BF5}.Release|Any CPU.Build.0 = Release|Any CPU
		{B7E0E7C2-ED82-40FB-9C20-C81640A4FA3E}.Debug|Any CPU.ActiveCfg = Debug|Any CPU
		{B7E0E7C2-ED82-40FB-9C20-C81640A4FA3E}.Debug|Any CPU.Build.0 = Debug|Any CPU
		{B7E0E7C2-ED82-40FB-9C20-C81640A4FA3E}.Release|Any CPU.ActiveCfg = Release|Any CPU
		{B7E0E7C2-ED82-40FB-9C20-C81640A4FA3E}.Release|Any CPU.Build.0 = Release|Any CPU
		{1FB374EF-24F8-476F-BF18-AF05AF93565F}.Debug|Any CPU.ActiveCfg = Debug|Any CPU
		{1FB374EF-24F8-476F-BF18-AF05AF93565F}.Debug|Any CPU.Build.0 = Debug|Any CPU
		{1FB374EF-24F8-476F-BF18-AF05AF93565F}.Release|Any CPU.ActiveCfg = Release|Any CPU
		{1FB374EF-24F8-476F-BF18-AF05AF93565F}.Release|Any CPU.Build.0 = Release|Any CPU
		{2B1A5A41-F97F-4495-A3E0-DE8EC14E6F8E}.Debug|Any CPU.ActiveCfg = Debug|Any CPU
		{2B1A5A41-F97F-4495-A3E0-DE8EC14E6F8E}.Debug|Any CPU.Build.0 = Debug|Any CPU
		{2B1A5A41-F97F-4495-A3E0-DE8EC14E6F8E}.Release|Any CPU.ActiveCfg = Release|Any CPU
		{2B1A5A41-F97F-4495-A3E0-DE8EC14E6F8E}.Release|Any CPU.Build.0 = Release|Any CPU
	EndGlobalSection
	GlobalSection(SolutionProperties) = preSolution
		HideSolutionNode = FALSE
	EndGlobalSection
	GlobalSection(ExtensibilityGlobals) = postSolution
		SolutionGuid = {2399041E-F338-4BF8-A851-8FD74F66C684}
	EndGlobalSection
EndGlobal
